lockfileVersion: "6.0"

settings:
  autoInstallPeers: true
  excludeLinksFromLockfile: false

dependencies:
  clean-css:
    specifier: ^4.1.11
    version: 4.2.4
  htmlmin:
    specifier: ^0.0.7
    version: 0.0.7

devDependencies:
  prettier:
    specifier: ^3.1.0
    version: 3.1.0

packages:
  /amdefine@1.0.1:
    resolution:
      { integrity: sha512-S2Hw0TtNkMJhIabBwIojKL9YHO5T0n5eNqWJ7Lrlel/zDbftQpxpapi8tZs3X1HWa+u+QeydGmzzNU0m09+Rcg== }
    engines: { node: ">=0.4.2" }
    dev: false

  /async@0.2.10:
    resolution:
      { integrity: sha512-eAkdoKxU6/LkKDBzLpT+t6Ff5EtfSF4wx1WfJiPEEV7WNLnDaRXk0oVysiEPm262roaachGexwUv94WhSgN5TQ== }
    dev: false

  /camelcase@1.2.1:
    resolution:
      { integrity: sha512-wzLkDa4K/mzI1OSITC+DUyjgIl/ETNHE9QvYgy6J6Jvqyyz4C0Xfd+lQhb19sX2jMpZV4IssUn0VDVmglV+s4g== }
    engines: { node: ">=0.10.0" }
    dev: false

  /clean-css@3.4.28:
    resolution:
      { integrity: sha512-aTWyttSdI2mYi07kWqHi24NUU9YlELFKGOAgFzZjDN1064DMAOy2FBuoyGmkKRlXkbpXd0EVHmiVkbKhKoirTw== }
    engines: { node: ">=0.10.0" }
    hasBin: true
    dependencies:
      commander: 2.8.1
      source-map: 0.4.4
    dev: false

  /clean-css@4.2.4:
    resolution:
      { integrity: sha512-EJUDT7nDVFDvaQgAo2G/PJvxmp1o/c6iXLbswsBbUFXi1Nr+AjA2cKmfbKDMjMvzEe75g3P6JkaDDAKk96A85A== }
    engines: { node: ">= 4.0" }
    dependencies:
      source-map: 0.6.1
    dev: false

  /commander@2.2.0:
    resolution:
      { integrity: sha512-U6hBkeIsoeE81B+yas9uVF4YYVcVoBCwb1e314VPyvVQubFwvnTAuc1oUQ6VuMPYUS4Rf1gzr0wTVLvs4sb5Pw== }
    engines: { node: ">= 0.6.x" }
    dev: false

  /commander@2.8.1:
    resolution:
      { integrity: sha512-+pJLBFVk+9ZZdlAOB5WuIElVPPth47hILFkmGym57aq8kwxsowvByvB0DHs1vQAhyMZzdcpTtF0VDKGkSDR4ZQ== }
    engines: { node: ">= 0.6.x" }
    dependencies:
      graceful-readlink: 1.0.1
    dev: false

  /decamelize@1.2.0:
    resolution:
      { integrity: sha512-z2S+W9X73hAUUki+N+9Za2lBlun89zigOyGrsax+KUQ6wKW4ZoWpEYBkGhQjwAjjDCkWxhY0VKEhk8wzY7F5cA== }
    engines: { node: ">=0.10.0" }
    dev: false

  /graceful-readlink@1.0.1:
    resolution:
      { integrity: sha512-8tLu60LgxF6XpdbK8OW3FA+IfTNBn1ZHGHKF4KQbEeSkajYw5PlYJcKluntgegDPTg8UkHjpet1T82vk6TQ68w== }
    dev: false

  /htmlmin@0.0.7:
    resolution:
      { integrity: sha512-lEjFiGKIZzQ69pIYEbbWDbZBWQvmlU7f2Q3Tho2OIvN/AjmG3ze0W9YeX4scM7+NeP3CvKWHt7AgySqfGbvLug== }
    hasBin: true
    dependencies:
      clean-css: 3.4.28
      commander: 2.2.0
      uglify-js: 2.4.24
    dev: false

  /prettier@3.1.0:
    resolution:
      { integrity: sha512-TQLvXjq5IAibjh8EpBIkNKxO749UEWABoiIZehEPiY4GNpVdhaFKqSTu+QrlU6D2dPAfubRmtJTi4K4YkQ5eXw== }
    engines: { node: ">=14" }
    hasBin: true
    dev: true

  /source-map@0.1.34:
    resolution:
      { integrity: sha512-yfCwDj0vR9RTwt3pEzglgb3ZgmcXHt6DjG3bjJvzPwTL+5zDQ2MhmSzAcTy0GTiQuCiriSWXvWM1/NhKdXuoQA== }
    engines: { node: ">=0.8.0" }
    dependencies:
      amdefine: 1.0.1
    dev: false

  /source-map@0.4.4:
    resolution:
      { integrity: sha512-Y8nIfcb1s/7DcobUz1yOO1GSp7gyL+D9zLHDehT7iRESqGSxjJ448Sg7rvfgsRJCnKLdSl11uGf0s9X80cH0/A== }
    engines: { node: ">=0.8.0" }
    dependencies:
      amdefine: 1.0.1
    dev: false

  /source-map@0.6.1:
    resolution:
      { integrity: sha512-UjgapumWlbMhkBgzT7Ykc5YXUT46F0iKu8SGXq0bcwP5dz/h0Plj6enJqjz1Zbq2l5WaqYnrVbwWOWMyF3F47g== }
    engines: { node: ">=0.10.0" }
    dev: false

  /uglify-js@2.4.24:
    resolution:
      { integrity: sha512-tktIjwackfZLd893KGJmXc1hrRHH1vH9Po3xFh1XBjjeGAnN02xJ3SuoA+n1L29/ZaCA18KzCFlckS+vfPugiA== }
    engines: { node: ">=0.4.0" }
    hasBin: true
    dependencies:
      async: 0.2.10
      source-map: 0.1.34
      uglify-to-browserify: 1.0.2
      yargs: 3.5.4
    dev: false

  /uglify-to-browserify@1.0.2:
    resolution:
      { integrity: sha512-vb2s1lYx2xBtUgy+ta+b2J/GLVUR+wmpINwHePmPRhOsIVCG2wDzKJ0n14GslH1BifsqVzSOwQhRaCAsZ/nI4Q== }
    dev: false

  /window-size@0.1.0:
    resolution:
      { integrity: sha512-1pTPQDKTdd61ozlKGNCjhNRd+KPmgLSGa3mZTHoOliaGcESD8G1PXhh7c1fgiPjVbNVfgy2Faw4BI8/m0cC8Mg== }
    engines: { node: ">= 0.8.0" }
    dev: false

  /wordwrap@0.0.2:
    resolution:
      { integrity: sha512-xSBsCeh+g+dinoBv3GAOWM4LcVVO68wLXRanibtBSdUvkGWQRGeE9P7IwU9EmDDi4jA6L44lz15CGMwdw9N5+Q== }
    engines: { node: ">=0.4.0" }
    dev: false

  /yargs@3.5.4:
    resolution:
      { integrity: sha512-5j382E4xQSs71p/xZQsU1PtRA2HXPAjX0E0DkoGLxwNASMOKX6A9doV1NrZmj85u2Pjquz402qonBzz/yLPbPA== }
    dependencies:
      camelcase: 1.2.1
      decamelize: 1.2.0
      window-size: 0.1.0
      wordwrap: 0.0.2
    dev: false
